
Microsoft Visual Studio Solution File, Format Version 12.00
# Visual Studio Version 17
VisualStudioVersion = 17.14.36518.9
MinimumVisualStudioVersion = 10.0.40219.1
Project("{FAE04EC0-301F-11D3-BF4B-00C04F79EFBC}") = "AuthorizationGateway.Api", "AuthorizationGateway.Api\AuthorizationGateway.Api.csproj", "{E43C79F9-79A5-4333-B00B-01D7EC4B4EE1}"
EndProject
Project("{2150E333-8FDC-42A3-9474-1A3956D46DE8}") = "Solution Items", "Solution Items", "{8EC462FD-D22E-90A8-E5CE-7E832BA40C5D}"
	ProjectSection(SolutionItems) = preProject
		coverage.runsettings = coverage.runsettings
		README = README
	EndProjectSection
EndProject
Project("{FAE04EC0-301F-11D3-BF4B-00C04F79EFBC}") = "AuthorizationGateway.Core", "AuthorizationGateway.Core\AuthorizationGateway.Core.csproj", "{72804F2D-407B-468E-AE0D-456FF72BE996}"
EndProject
Project("{FAE04EC0-301F-11D3-BF4B-00C04F79EFBC}") = "AuthorizationGateway.Infra", "AuthorizationGateway.Infrastructure\AuthorizationGateway.Infra.csproj", "{3995786C-EBAA-4BB3-B09E-31D819BD4EA3}"
EndProject
Project("{2150E333-8FDC-42A3-9474-1A3956D46DE8}") = "Tests", "Tests", "{02EA681E-C7D8-13C7-8484-4AC65E1B71E8}"
EndProject
Project("{FAE04EC0-301F-11D3-BF4B-00C04F79EFBC}") = "AuthorizationGateway.Core.Tests", "AuthorizationGateway.Core.Tests\AuthorizationGateway.Core.Tests.csproj", "{40850AA1-43E8-442D-B604-3CB53D2095EF}"
EndProject
Project("{FAE04EC0-301F-11D3-BF4B-00C04F79EFBC}") = "AuthorizationGateway.Infra.Tests", "AuthorizationGateway.Infra.Tests\AuthorizationGateway.Infra.Tests.csproj", "{70BE4089-9E4A-4A1D-B215-F46811996E42}"
EndProject
Project("{2150E333-8FDC-42A3-9474-1A3956D46DE8}") = "src", "src", "{0FCF5D41-AD5F-4FF7-9F40-F04524D018AC}"
EndProject
Project("{FAE04EC0-301F-11D3-BF4B-00C04F79EFBC}") = "AuthorizationGateway.Api.Tests", "AuthorizationGateway.Api.Tests\AuthorizationGateway.Api.Tests.csproj", "{02475113-BBC3-45AC-BBC4-4B3E40E98DF0}"
EndProject
Global
	GlobalSection(SolutionConfigurationPlatforms) = preSolution
		Debug|Any CPU = Debug|Any CPU
		Release|Any CPU = Release|Any CPU
	EndGlobalSection
	GlobalSection(ProjectConfigurationPlatforms) = postSolution
		{E43C79F9-79A5-4333-B00B-01D7EC4B4EE1}.Debug|Any CPU.ActiveCfg = Debug|Any CPU
		{E43C79F9-79A5-4333-B00B-01D7EC4B4EE1}.Debug|Any CPU.Build.0 = Debug|Any CPU
		{E43C79F9-79A5-4333-B00B-01D7EC4B4EE1}.Release|Any CPU.ActiveCfg = Release|Any CPU
		{E43C79F9-79A5-4333-B00B-01D7EC4B4EE1}.Release|Any CPU.Build.0 = Release|Any CPU
		{72804F2D-407B-468E-AE0D-456FF72BE996}.Debug|Any CPU.ActiveCfg = Debug|Any CPU
		{72804F2D-407B-468E-AE0D-456FF72BE996}.Debug|Any CPU.Build.0 = Debug|Any CPU
		{72804F2D-407B-468E-AE0D-456FF72BE996}.Release|Any CPU.ActiveCfg = Release|Any CPU
		{72804F2D-407B-468E-AE0D-456FF72BE996}.Release|Any CPU.Build.0 = Release|Any CPU
		{3995786C-EBAA-4BB3-B09E-31D819BD4EA3}.Debug|Any CPU.ActiveCfg = Debug|Any CPU
		{3995786C-EBAA-4BB3-B09E-31D819BD4EA3}.Debug|Any CPU.Build.0 = Debug|Any CPU
		{3995786C-EBAA-4BB3-B09E-31D819BD4EA3}.Release|Any CPU.ActiveCfg = Release|Any CPU
		{3995786C-EBAA-4BB3-B09E-31D819BD4EA3}.Release|Any CPU.Build.0 = Release|Any CPU
		{40850AA1-43E8-442D-B604-3CB53D2095EF}.Debug|Any CPU.ActiveCfg = Debug|Any CPU
		{40850AA1-43E8-442D-B604-3CB53D2095EF}.Debug|Any CPU.Build.0 = Debug|Any CPU
		{40850AA1-43E8-442D-B604-3CB53D2095EF}.Release|Any CPU.ActiveCfg = Release|Any CPU
		{40850AA1-43E8-442D-B604-3CB53D2095EF}.Release|Any CPU.Build.0 = Release|Any CPU
		{70BE4089-9E4A-4A1D-B215-F46811996E42}.Debug|Any CPU.ActiveCfg = Debug|Any CPU
		{70BE4089-9E4A-4A1D-B215-F46811996E42}.Debug|Any CPU.Build.0 = Debug|Any CPU
		{70BE4089-9E4A-4A1D-B215-F46811996E42}.Release|Any CPU.ActiveCfg = Release|Any CPU
		{70BE4089-9E4A-4A1D-B215-F46811996E42}.Release|Any CPU.Build.0 = Release|Any CPU
		{02475113-BBC3-45AC-BBC4-4B3E40E98DF0}.Debug|Any CPU.ActiveCfg = Debug|Any CPU
		{02475113-BBC3-45AC-BBC4-4B3E40E98DF0}.Debug|Any CPU.Build.0 = Debug|Any CPU
		{02475113-BBC3-45AC-BBC4-4B3E40E98DF0}.Release|Any CPU.ActiveCfg = Release|Any CPU
		{02475113-BBC3-45AC-BBC4-4B3E40E98DF0}.Release|Any CPU.Build.0 = Release|Any CPU
	EndGlobalSection
	GlobalSection(SolutionProperties) = preSolution
		HideSolutionNode = FALSE
	EndGlobalSection
	GlobalSection(NestedProjects) = preSolution
		{E43C79F9-79A5-4333-B00B-01D7EC4B4EE1} = {0FCF5D41-AD5F-4FF7-9F40-F04524D018AC}
		{72804F2D-407B-468E-AE0D-456FF72BE996} = {0FCF5D41-AD5F-4FF7-9F40-F04524D018AC}
		{3995786C-EBAA-4BB3-B09E-31D819BD4EA3} = {0FCF5D41-AD5F-4FF7-9F40-F04524D018AC}
		{40850AA1-43E8-442D-B604-3CB53D2095EF} = {02EA681E-C7D8-13C7-8484-4AC65E1B71E8}
		{70BE4089-9E4A-4A1D-B215-F46811996E42} = {02EA681E-C7D8-13C7-8484-4AC65E1B71E8}
		{02475113-BBC3-45AC-BBC4-4B3E40E98DF0} = {02EA681E-C7D8-13C7-8484-4AC65E1B71E8}
	EndGlobalSection
	GlobalSection(ExtensibilityGlobals) = postSolution
		SolutionGuid = {10FF694D-70B9-472B-B369-BEA69CEFD781}
	EndGlobalSection
EndGlobal
